<?xml version="1.0" encoding="utf-8"?>
<Project ToolsVersion="4.0" xmlns="http://schemas.microsoft.com/developer/msbuild/2003">
  <ItemGroup>
    <Filter Include="helpers">
      <UniqueIdentifier>{709e8cf8-ebdb-4573-8524-20b04c6a5883}</UniqueIdentifier>
    </Filter>
    <Filter Include="resources">
      <UniqueIdentifier>{2d5bd44f-68df-4a2e-967b-57e194c0eac4}</UniqueIdentifier>
    </Filter>
    <Filter Include="LevelMod">
      <UniqueIdentifier>{b6853d93-14dd-44a8-af48-6da5c3dafa55}</UniqueIdentifier>
    </Filter>
    <Filter Include="resources\NewFilter1">
      <UniqueIdentifier>{4b72971f-1f83-4b9b-bbe5-f1a93880a492}</UniqueIdentifier>
    </Filter>
    <Filter Include="d3d8to9">
      <UniqueIdentifier>{cd7780da-49b1-42d6-ad37-5b58ac8320da}</UniqueIdentifier>
    </Filter>
    <Filter Include="zip">
      <UniqueIdentifier>{05a7947b-6f05-4fec-ac92-f887bab7fb26}</UniqueIdentifier>
    </Filter>
    <Filter Include="LevelMod\Source">
      <UniqueIdentifier>{008fc4cf-d4ba-4691-b9de-1e6fcf7c1308}</UniqueIdentifier>
    </Filter>
    <Filter Include="LevelMod\Header">
      <UniqueIdentifier>{e925a7c2-3ae5-4904-af64-1910b0a68f88}</UniqueIdentifier>
    </Filter>
  </ItemGroup>
  <ItemGroup>
    <ClCompile Include="source\d3d8to9\d3d8types.cpp">
      <Filter>helpers</Filter>
    </ClCompile>
    <ClCompile Include="source\d3d8to9\interface_query.cpp">
      <Filter>helpers</Filter>
    </ClCompile>
    <ClCompile Include="source\d3d8to9\lookup_table.cpp">
      <Filter>helpers</Filter>
    </ClCompile>
    <ClCompile Include="source\d3d8to9\d3d8to9.cpp">
      <Filter>d3d8to9</Filter>
    </ClCompile>
    <ClCompile Include="source\d3d8to9\d3d8to9_base.cpp">
      <Filter>d3d8to9</Filter>
    </ClCompile>
    <ClCompile Include="source\d3d8to9\d3d8to9_device.cpp">
      <Filter>d3d8to9</Filter>
    </ClCompile>
    <ClCompile Include="source\d3d8to9\d3d8to9_index_buffer.cpp">
      <Filter>d3d8to9</Filter>
    </ClCompile>
    <ClCompile Include="source\d3d8to9\d3d8to9_surface.cpp">
      <Filter>d3d8to9</Filter>
    </ClCompile>
    <ClCompile Include="source\d3d8to9\d3d8to9_swap_chain.cpp">
      <Filter>d3d8to9</Filter>
    </ClCompile>
    <ClCompile Include="source\d3d8to9\d3d8to9_texture.cpp">
      <Filter>d3d8to9</Filter>
    </ClCompile>
    <ClCompile Include="source\d3d8to9\d3d8to9_vertex_buffer.cpp">
      <Filter>d3d8to9</Filter>
    </ClCompile>
    <ClCompile Include="source\d3d8to9\d3d8to9_volume.cpp">
      <Filter>d3d8to9</Filter>
    </ClCompile>
    <ClCompile Include="source\Checksum.cpp">
      <Filter>LevelMod\Source</Filter>
    </ClCompile>
    <ClCompile Include="source\CXBOXController.cpp">
      <Filter>LevelMod\Source</Filter>
    </ClCompile>
    <ClCompile Include="source\debug.cpp">
      <Filter>LevelMod\Source</Filter>
    </ClCompile>
    <ClCompile Include="source\Defines.cpp">
      <Filter>LevelMod\Source</Filter>
    </ClCompile>
    <ClCompile Include="source\Extension.cpp">
      <Filter>LevelMod\Source</Filter>
    </ClCompile>
    <ClCompile Include="source\Globals.cpp">
      <Filter>LevelMod\Source</Filter>
    </ClCompile>
    <ClCompile Include="source\IniReader.cpp">
      <Filter>LevelMod\Source</Filter>
    </ClCompile>
    <ClCompile Include="source\IniWriter.cpp">
      <Filter>LevelMod\Source</Filter>
    </ClCompile>
    <ClCompile Include="source\KeyState.cpp">
      <Filter>LevelMod\Source</Filter>
    </ClCompile>
    <ClCompile Include="source\Memory.cpp">
      <Filter>LevelMod\Source</Filter>
    </ClCompile>
    <ClCompile Include="source\Node.cpp">
      <Filter>LevelMod\Source</Filter>
    </ClCompile>
    <ClCompile Include="source\Observe.cpp">
      <Filter>LevelMod\Source</Filter>
    </ClCompile>
    <ClCompile Include="source\pch.cpp">
      <Filter>LevelMod\Source</Filter>
    </ClCompile>
    <ClCompile Include="source\Physics.cpp">
      <Filter>LevelMod\Source</Filter>
    </ClCompile>
    <ClCompile Include="source\Script.cpp">
      <Filter>LevelMod\Source</Filter>
    </ClCompile>
    <ClCompile Include="source\Settings.cpp">
      <Filter>LevelMod\Source</Filter>
    </ClCompile>
    <ClCompile Include="source\Skater.cpp">
      <Filter>LevelMod\Source</Filter>
    </ClCompile>
    <ClCompile Include="source\Source.cpp">
      <Filter>LevelMod\Source</Filter>
    </ClCompile>
    <ClCompile Include="source\SuperSectors.cpp">
      <Filter>LevelMod\Source</Filter>
    </ClCompile>
    <ClCompile Include="source\math.cpp">
      <Filter>LevelMod\Header</Filter>
    </ClCompile>
    <ClCompile Include="source\zip\unzip.cpp">
      <Filter>zip</Filter>
    </ClCompile>
    <ClCompile Include="source\Bugfixes.cpp">
      <Filter>LevelMod\Source</Filter>
    </ClCompile>
    <ClCompile Include="source\Model.cpp">
      <Filter>LevelMod\Source</Filter>
    </ClCompile>
    <ClCompile Include="source\String.cpp">
      <Filter>LevelMod\Source</Filter>
    </ClCompile>
    <ClCompile Include="source\CustomShaders.cpp">
      <Filter>LevelMod\Source</Filter>
    </ClCompile>
    <ClCompile Include="source\Net.cpp">
      <Filter>LevelMod\Source</Filter>
    </ClCompile>
    <ClCompile Include="source\GameMode.cpp">
      <Filter>LevelMod\Source</Filter>
    </ClCompile>
    <ClCompile Include="source\Shatter.cpp">
      <Filter>LevelMod\Source</Filter>
    </ClCompile>
    <ClCompile Include="source\Mesh.cpp">
      <Filter>LevelMod\Source</Filter>
    </ClCompile>
  </ItemGroup>
  <ItemGroup>
    <ClInclude Include="res\resource.h">
      <Filter>resources</Filter>
    </ClInclude>
    <ClInclude Include="source\d3d8to9\d3d8types.hpp">
      <Filter>helpers</Filter>
    </ClInclude>
    <ClInclude Include="source\d3d8to9\d3dx9.hpp">
      <Filter>helpers</Filter>
    </ClInclude>
    <ClInclude Include="source\d3d8to9\lookup_table.hpp">
      <Filter>helpers</Filter>
    </ClInclude>
    <ClInclude Include="source\d3d8to9\d3d8to9.hpp">
      <Filter>d3d8to9</Filter>
    </ClInclude>
    <ClInclude Include="source\_Math.h">
      <Filter>LevelMod\Header</Filter>
    </ClInclude>
    <ClInclude Include="source\Checksum.h">
      <Filter>LevelMod\Header</Filter>
    </ClInclude>
    <ClInclude Include="source\Commands.h">
      <Filter>LevelMod\Header</Filter>
    </ClInclude>
    <ClInclude Include="source\CXBOXController.h">
      <Filter>LevelMod\Header</Filter>
    </ClInclude>
    <ClInclude Include="source\Debug.h">
      <Filter>LevelMod\Header</Filter>
    </ClInclude>
    <ClInclude Include="source\Defines.h">
      <Filter>LevelMod\Header</Filter>
    </ClInclude>
    <ClInclude Include="source\Extension.h">
      <Filter>LevelMod\Header</Filter>
    </ClInclude>
    <ClInclude Include="source\framework.h">
      <Filter>LevelMod\Header</Filter>
    </ClInclude>
    <ClInclude Include="source\Globals.h">
      <Filter>LevelMod\Header</Filter>
    </ClInclude>
    <ClInclude Include="source\HTTPRequest.h">
      <Filter>LevelMod\Header</Filter>
    </ClInclude>
    <ClInclude Include="source\IniReader.h">
      <Filter>LevelMod\Header</Filter>
    </ClInclude>
    <ClInclude Include="source\IniWriter.h">
      <Filter>LevelMod\Header</Filter>
    </ClInclude>
    <ClInclude Include="source\KeyState.h">
      <Filter>LevelMod\Header</Filter>
    </ClInclude>
    <ClInclude Include="source\Memory.h">
      <Filter>LevelMod\Header</Filter>
    </ClInclude>
    <ClInclude Include="source\Mesh.h">
      <Filter>LevelMod\Header</Filter>
    </ClInclude>
    <ClInclude Include="source\Node.h">
      <Filter>LevelMod\Header</Filter>
    </ClInclude>
    <ClInclude Include="source\Observe.h">
      <Filter>LevelMod\Header</Filter>
    </ClInclude>
    <ClInclude Include="source\pch.h">
      <Filter>LevelMod\Header</Filter>
    </ClInclude>
    <ClInclude Include="source\Physics.h">
      <Filter>LevelMod\Header</Filter>
    </ClInclude>
    <ClInclude Include="source\QBKey.h">
      <Filter>LevelMod\Header</Filter>
    </ClInclude>
    <ClInclude Include="source\Script.h">
      <Filter>LevelMod\Header</Filter>
    </ClInclude>
    <ClInclude Include="source\Settings.h">
      <Filter>LevelMod\Header</Filter>
    </ClInclude>
    <ClInclude Include="source\SuperSectors.h">
      <Filter>LevelMod\Header</Filter>
    </ClInclude>
    <ClInclude Include="source\zip\unzip.h">
      <Filter>zip</Filter>
    </ClInclude>
    <ClInclude Include="source\Skater.h">
      <Filter>LevelMod\Header</Filter>
    </ClInclude>
    <ClInclude Include="source\Bugfixes.h">
      <Filter>LevelMod\Header</Filter>
    </ClInclude>
    <ClInclude Include="source\Model.h">
      <Filter>LevelMod\Header</Filter>
    </ClInclude>
    <ClInclude Include="source\String.h">
      <Filter>LevelMod\Header</Filter>
    </ClInclude>
    <ClInclude Include="source\Collision.h">
      <Filter>LevelMod\Header</Filter>
    </ClInclude>
    <ClInclude Include="source\CustomShaders.h">
      <Filter>LevelMod\Header</Filter>
    </ClInclude>
    <ClInclude Include="source\Net.h">
      <Filter>LevelMod\Header</Filter>
    </ClInclude>
    <ClInclude Include="source\SkateModule.h">
      <Filter>LevelMod\Header</Filter>
    </ClInclude>
    <ClInclude Include="source\GameMode.h">
      <Filter>LevelMod\Header</Filter>
    </ClInclude>
    <ClInclude Include="source\Shatter.h">
      <Filter>LevelMod\Header</Filter>
    </ClInclude>
    <ClInclude Include="source\shadow.h">
      <Filter>LevelMod\Header</Filter>
    </ClInclude>
  </ItemGroup>
  <ItemGroup>
    <None Include="res\d3d8.def">
      <Filter>resources</Filter>
    </None>
  </ItemGroup>
  <ItemGroup>
    <ResourceCompile Include="res\d3d8to9.rc">
      <Filter>resources</Filter>
    </ResourceCompile>
  </ItemGroup>
</Project>